// !$*UTF8*$!
{
	archiveVersion = 1;
	classes = {
	};
	objectVersion = 56;
	objects = {

/* Begin PBXBuildFile section */
		A606E4272ACCAB9700D5CC0D /* folder_iosApp.swift in Sources */ = {isa = PBXBuildFile; fileRef = A606E4262ACCAB9700D5CC0D /* folder_iosApp.swift */; };
		A606E4292ACCAB9700D5CC0D /* ContentView.swift in Sources */ = {isa = PBXBuildFile; fileRef = A606E4282ACCAB9700D5CC0D /* ContentView.swift */; };
		A606E42B2ACCAB9800D5CC0D /* Assets.xcassets in Resources */ = {isa = PBXBuildFile; fileRef = A606E42A2ACCAB9800D5CC0D /* Assets.xcassets */; };
		A606E42F2ACCAB9800D5CC0D /* Preview Assets.xcassets in Resources */ = {isa = PBXBuildFile; fileRef = A606E42E2ACCAB9800D5CC0D /* Preview Assets.xcassets */; };
		A606E4392ACCAB9800D5CC0D /* folder_iosTests.swift in Sources */ = {isa = PBXBuildFile; fileRef = A606E4382ACCAB9800D5CC0D /* folder_iosTests.swift */; };
		A606E4432ACCAB9800D5CC0D /* folder_iosUITests.swift in Sources */ = {isa = PBXBuildFile; fileRef = A606E4422ACCAB9800D5CC0D /* folder_iosUITests.swift */; };
		A606E4452ACCAB9800D5CC0D /* folder_iosUITestsLaunchTests.swift in Sources */ = {isa = PBXBuildFile; fileRef = A606E4442ACCAB9800D5CC0D /* folder_iosUITestsLaunchTests.swift */; };
		A606E4532ACCAE2700D5CC0D /* TimeInterval.swift in Sources */ = {isa = PBXBuildFile; fileRef = A606E4522ACCAE2700D5CC0D /* TimeInterval.swift */; };
		A606E4562ACCEADB00D5CC0D /* TrackListView.swift in Sources */ = {isa = PBXBuildFile; fileRef = A606E4552ACCEADB00D5CC0D /* TrackListView.swift */; };
		A606E4592ACCEAF500D5CC0D /* Track.swift in Sources */ = {isa = PBXBuildFile; fileRef = A606E4582ACCEAF500D5CC0D /* Track.swift */; };
		A606E45B2ACCEB7300D5CC0D /* TrackShowView.swift in Sources */ = {isa = PBXBuildFile; fileRef = A606E45A2ACCEB7300D5CC0D /* TrackShowView.swift */; };
		A60AC1652ACF3C5D00D2A68A /* Models in Frameworks */ = {isa = PBXBuildFile; productRef = A60AC1642ACF3C5D00D2A68A /* Models */; };
		A653EF3B2ACF1E6C00E3B05E /* TagStackView.swift in Sources */ = {isa = PBXBuildFile; fileRef = A653EF3A2ACF1E6C00E3B05E /* TagStackView.swift */; };
		A6836FC52ACF3D5D00910049 /* API in Frameworks */ = {isa = PBXBuildFile; productRef = A6836FC42ACF3D5D00910049 /* API */; };
		A6B013102ACE6D6500A868A8 /* NeonView.swift in Sources */ = {isa = PBXBuildFile; fileRef = A6B0130F2ACE6D6500A868A8 /* NeonView.swift */; };
		A6B013122ACE6D8200A868A8 /* CGPath.swift in Sources */ = {isa = PBXBuildFile; fileRef = A6B013112ACE6D8200A868A8 /* CGPath.swift */; };
		A6B013142ACE6D9000A868A8 /* Path.swift in Sources */ = {isa = PBXBuildFile; fileRef = A6B013132ACE6D9000A868A8 /* Path.swift */; };
		A6B013162ACE6DA600A868A8 /* UIBezierPath.swift in Sources */ = {isa = PBXBuildFile; fileRef = A6B013152ACE6DA600A868A8 /* UIBezierPath.swift */; };
		A6B013182ACE6F5A00A868A8 /* TrackListCellView.swift in Sources */ = {isa = PBXBuildFile; fileRef = A6B013172ACE6F5A00A868A8 /* TrackListCellView.swift */; };
		A6B0131B2ACE860700A868A8 /* PlayerProvider.swift in Sources */ = {isa = PBXBuildFile; fileRef = A6B0131A2ACE860700A868A8 /* PlayerProvider.swift */; };
		A6B0131E2ACE97B800A868A8 /* pat.swift in Frameworks */ = {isa = PBXBuildFile; productRef = A6B0131D2ACE97B800A868A8 /* pat.swift */; };
		A6B013202ACEA01B00A868A8 /* Constants.swift in Sources */ = {isa = PBXBuildFile; fileRef = A6B0131F2ACEA01B00A868A8 /* Constants.swift */; };
		A6DC2F472ACFA9D400CA85EB /* PlayerView.swift in Sources */ = {isa = PBXBuildFile; fileRef = A6DC2F462ACFA9D400CA85EB /* PlayerView.swift */; };
		A6DC2F492ACFAACA00CA85EB /* PlayStateProvider.swift in Sources */ = {isa = PBXBuildFile; fileRef = A6DC2F482ACFAACA00CA85EB /* PlayStateProvider.swift */; };
/* End PBXBuildFile section */

/* Begin PBXContainerItemProxy section */
		A606E4352ACCAB9800D5CC0D /* PBXContainerItemProxy */ = {
			isa = PBXContainerItemProxy;
			containerPortal = A606E41B2ACCAB9700D5CC0D /* Project object */;
			proxyType = 1;
			remoteGlobalIDString = A606E4222ACCAB9700D5CC0D;
			remoteInfo = "folder-ios";
		};
		A606E43F2ACCAB9800D5CC0D /* PBXContainerItemProxy */ = {
			isa = PBXContainerItemProxy;
			containerPortal = A606E41B2ACCAB9700D5CC0D /* Project object */;
			proxyType = 1;
			remoteGlobalIDString = A606E4222ACCAB9700D5CC0D;
			remoteInfo = "folder-ios";
		};
/* End PBXContainerItemProxy section */

/* Begin PBXFileReference section */
		A606E4232ACCAB9700D5CC0D /* folder-ios.app */ = {isa = PBXFileReference; explicitFileType = wrapper.application; includeInIndex = 0; path = "folder-ios.app"; sourceTree = BUILT_PRODUCTS_DIR; };
		A606E4262ACCAB9700D5CC0D /* folder_iosApp.swift */ = {isa = PBXFileReference; lastKnownFileType = sourcecode.swift; path = folder_iosApp.swift; sourceTree = "<group>"; };
		A606E4282ACCAB9700D5CC0D /* ContentView.swift */ = {isa = PBXFileReference; lastKnownFileType = sourcecode.swift; path = ContentView.swift; sourceTree = "<group>"; };
		A606E42A2ACCAB9800D5CC0D /* Assets.xcassets */ = {isa = PBXFileReference; lastKnownFileType = folder.assetcatalog; path = Assets.xcassets; sourceTree = "<group>"; };
		A606E42C2ACCAB9800D5CC0D /* folder_ios.entitlements */ = {isa = PBXFileReference; lastKnownFileType = text.plist.entitlements; path = folder_ios.entitlements; sourceTree = "<group>"; };
		A606E42E2ACCAB9800D5CC0D /* Preview Assets.xcassets */ = {isa = PBXFileReference; lastKnownFileType = folder.assetcatalog; path = "Preview Assets.xcassets"; sourceTree = "<group>"; };
		A606E4342ACCAB9800D5CC0D /* folder-iosTests.xctest */ = {isa = PBXFileReference; explicitFileType = wrapper.cfbundle; includeInIndex = 0; path = "folder-iosTests.xctest"; sourceTree = BUILT_PRODUCTS_DIR; };
		A606E4382ACCAB9800D5CC0D /* folder_iosTests.swift */ = {isa = PBXFileReference; lastKnownFileType = sourcecode.swift; path = folder_iosTests.swift; sourceTree = "<group>"; };
		A606E43E2ACCAB9800D5CC0D /* folder-iosUITests.xctest */ = {isa = PBXFileReference; explicitFileType = wrapper.cfbundle; includeInIndex = 0; path = "folder-iosUITests.xctest"; sourceTree = BUILT_PRODUCTS_DIR; };
		A606E4422ACCAB9800D5CC0D /* folder_iosUITests.swift */ = {isa = PBXFileReference; lastKnownFileType = sourcecode.swift; path = folder_iosUITests.swift; sourceTree = "<group>"; };
		A606E4442ACCAB9800D5CC0D /* folder_iosUITestsLaunchTests.swift */ = {isa = PBXFileReference; lastKnownFileType = sourcecode.swift; path = folder_iosUITestsLaunchTests.swift; sourceTree = "<group>"; };
		A606E4522ACCAE2700D5CC0D /* TimeInterval.swift */ = {isa = PBXFileReference; lastKnownFileType = sourcecode.swift; path = TimeInterval.swift; sourceTree = "<group>"; };
		A606E4552ACCEADB00D5CC0D /* TrackListView.swift */ = {isa = PBXFileReference; lastKnownFileType = sourcecode.swift; path = TrackListView.swift; sourceTree = "<group>"; };
		A606E4582ACCEAF500D5CC0D /* Track.swift */ = {isa = PBXFileReference; lastKnownFileType = sourcecode.swift; path = Track.swift; sourceTree = "<group>"; };
		A606E45A2ACCEB7300D5CC0D /* TrackShowView.swift */ = {isa = PBXFileReference; lastKnownFileType = sourcecode.swift; path = TrackShowView.swift; sourceTree = "<group>"; };
		A653EF352ACF192F00E3B05E /* Models */ = {isa = PBXFileReference; lastKnownFileType = wrapper; path = Models; sourceTree = "<group>"; };
		A653EF3A2ACF1E6C00E3B05E /* TagStackView.swift */ = {isa = PBXFileReference; lastKnownFileType = sourcecode.swift; path = TagStackView.swift; sourceTree = "<group>"; };
		A6B0130F2ACE6D6500A868A8 /* NeonView.swift */ = {isa = PBXFileReference; lastKnownFileType = sourcecode.swift; path = NeonView.swift; sourceTree = "<group>"; };
		A6B013112ACE6D8200A868A8 /* CGPath.swift */ = {isa = PBXFileReference; lastKnownFileType = sourcecode.swift; path = CGPath.swift; sourceTree = "<group>"; };
		A6B013132ACE6D9000A868A8 /* Path.swift */ = {isa = PBXFileReference; lastKnownFileType = sourcecode.swift; path = Path.swift; sourceTree = "<group>"; };
		A6B013152ACE6DA600A868A8 /* UIBezierPath.swift */ = {isa = PBXFileReference; lastKnownFileType = sourcecode.swift; path = UIBezierPath.swift; sourceTree = "<group>"; };
		A6B013172ACE6F5A00A868A8 /* TrackListCellView.swift */ = {isa = PBXFileReference; lastKnownFileType = sourcecode.swift; path = TrackListCellView.swift; sourceTree = "<group>"; };
		A6B0131A2ACE860700A868A8 /* PlayerProvider.swift */ = {isa = PBXFileReference; lastKnownFileType = sourcecode.swift; path = PlayerProvider.swift; sourceTree = "<group>"; };
		A6B0131F2ACEA01B00A868A8 /* Constants.swift */ = {isa = PBXFileReference; lastKnownFileType = sourcecode.swift; path = Constants.swift; sourceTree = "<group>"; };
		A6B013352ACEA8A400A868A8 /* API */ = {isa = PBXFileReference; lastKnownFileType = wrapper; path = API; sourceTree = "<group>"; };
		A6DC2F462ACFA9D400CA85EB /* PlayerView.swift */ = {isa = PBXFileReference; lastKnownFileType = sourcecode.swift; path = PlayerView.swift; sourceTree = "<group>"; };
		A6DC2F482ACFAACA00CA85EB /* PlayStateProvider.swift */ = {isa = PBXFileReference; lastKnownFileType = sourcecode.swift; path = PlayStateProvider.swift; sourceTree = "<group>"; };
		A6DC2F4A2ACFEDB100CA85EB /* Info.plist */ = {isa = PBXFileReference; lastKnownFileType = text.plist; path = Info.plist; sourceTree = "<group>"; };
/* End PBXFileReference section */

/* Begin PBXFrameworksBuildPhase section */
		A606E4202ACCAB9700D5CC0D /* Frameworks */ = {
			isa = PBXFrameworksBuildPhase;
			buildActionMask = 2147483647;
			files = (
				A6836FC52ACF3D5D00910049 /* API in Frameworks */,
				A60AC1652ACF3C5D00D2A68A /* Models in Frameworks */,
				A6B0131E2ACE97B800A868A8 /* pat.swift in Frameworks */,
			);
			runOnlyForDeploymentPostprocessing = 0;
		};
		A606E4312ACCAB9800D5CC0D /* Frameworks */ = {
			isa = PBXFrameworksBuildPhase;
			buildActionMask = 2147483647;
			files = (
			);
			runOnlyForDeploymentPostprocessing = 0;
		};
		A606E43B2ACCAB9800D5CC0D /* Frameworks */ = {
			isa = PBXFrameworksBuildPhase;
			buildActionMask = 2147483647;
			files = (
			);
			runOnlyForDeploymentPostprocessing = 0;
		};
/* End PBXFrameworksBuildPhase section */

/* Begin PBXGroup section */
		A606E41A2ACCAB9700D5CC0D = {
			isa = PBXGroup;
			children = (
				A653EF352ACF192F00E3B05E /* Models */,
				A6B013352ACEA8A400A868A8 /* API */,
				A606E4252ACCAB9700D5CC0D /* folder-ios */,
				A606E4372ACCAB9800D5CC0D /* folder-iosTests */,
				A606E4412ACCAB9800D5CC0D /* folder-iosUITests */,
				A606E4242ACCAB9700D5CC0D /* Products */,
				A653EF362ACF1D7400E3B05E /* Frameworks */,
			);
			sourceTree = "<group>";
		};
		A606E4242ACCAB9700D5CC0D /* Products */ = {
			isa = PBXGroup;
			children = (
				A606E4232ACCAB9700D5CC0D /* folder-ios.app */,
				A606E4342ACCAB9800D5CC0D /* folder-iosTests.xctest */,
				A606E43E2ACCAB9800D5CC0D /* folder-iosUITests.xctest */,
			);
			name = Products;
			sourceTree = "<group>";
		};
		A606E4252ACCAB9700D5CC0D /* folder-ios */ = {
			isa = PBXGroup;
			children = (
				A6DC2F4A2ACFEDB100CA85EB /* Info.plist */,
				A606E4572ACCEAEF00D5CC0D /* PreviewData */,
				A606E4542ACCEACE00D5CC0D /* Views */,
				A606E4512ACCAE1D00D5CC0D /* Extensions */,
				A606E4262ACCAB9700D5CC0D /* folder_iosApp.swift */,
				A606E4282ACCAB9700D5CC0D /* ContentView.swift */,
				A606E42A2ACCAB9800D5CC0D /* Assets.xcassets */,
				A606E42C2ACCAB9800D5CC0D /* folder_ios.entitlements */,
				A606E42D2ACCAB9800D5CC0D /* Preview Content */,
				A6B0131F2ACEA01B00A868A8 /* Constants.swift */,
			);
			path = "folder-ios";
			sourceTree = "<group>";
		};
		A606E42D2ACCAB9800D5CC0D /* Preview Content */ = {
			isa = PBXGroup;
			children = (
				A606E42E2ACCAB9800D5CC0D /* Preview Assets.xcassets */,
			);
			path = "Preview Content";
			sourceTree = "<group>";
		};
		A606E4372ACCAB9800D5CC0D /* folder-iosTests */ = {
			isa = PBXGroup;
			children = (
				A606E4382ACCAB9800D5CC0D /* folder_iosTests.swift */,
			);
			path = "folder-iosTests";
			sourceTree = "<group>";
		};
		A606E4412ACCAB9800D5CC0D /* folder-iosUITests */ = {
			isa = PBXGroup;
			children = (
				A606E4422ACCAB9800D5CC0D /* folder_iosUITests.swift */,
				A606E4442ACCAB9800D5CC0D /* folder_iosUITestsLaunchTests.swift */,
			);
			path = "folder-iosUITests";
			sourceTree = "<group>";
		};
		A606E4512ACCAE1D00D5CC0D /* Extensions */ = {
			isa = PBXGroup;
			children = (
				A606E4522ACCAE2700D5CC0D /* TimeInterval.swift */,
				A6B013112ACE6D8200A868A8 /* CGPath.swift */,
				A6B013132ACE6D9000A868A8 /* Path.swift */,
				A6B013152ACE6DA600A868A8 /* UIBezierPath.swift */,
			);
			path = Extensions;
			sourceTree = "<group>";
		};
		A606E4542ACCEACE00D5CC0D /* Views */ = {
			isa = PBXGroup;
			children = (
				A653EF392ACF1E6000E3B05E /* Components */,
				A6B013192ACE85FF00A868A8 /* Providers */,
				A6B0130E2ACE6D5E00A868A8 /* Covers */,
				A606E4552ACCEADB00D5CC0D /* TrackListView.swift */,
				A606E45A2ACCEB7300D5CC0D /* TrackShowView.swift */,
				A6B013172ACE6F5A00A868A8 /* TrackListCellView.swift */,
				A6DC2F462ACFA9D400CA85EB /* PlayerView.swift */,
			);
			path = Views;
			sourceTree = "<group>";
		};
		A606E4572ACCEAEF00D5CC0D /* PreviewData */ = {
			isa = PBXGroup;
			children = (
				A606E4582ACCEAF500D5CC0D /* Track.swift */,
			);
			path = PreviewData;
			sourceTree = "<group>";
		};
		A653EF362ACF1D7400E3B05E /* Frameworks */ = {
			isa = PBXGroup;
			children = (
			);
			name = Frameworks;
			sourceTree = "<group>";
		};
		A653EF392ACF1E6000E3B05E /* Components */ = {
			isa = PBXGroup;
			children = (
				A653EF3A2ACF1E6C00E3B05E /* TagStackView.swift */,
			);
			path = Components;
			sourceTree = "<group>";
		};
		A6B0130E2ACE6D5E00A868A8 /* Covers */ = {
			isa = PBXGroup;
			children = (
				A6B0130F2ACE6D6500A868A8 /* NeonView.swift */,
			);
			path = Covers;
			sourceTree = "<group>";
		};
		A6B013192ACE85FF00A868A8 /* Providers */ = {
			isa = PBXGroup;
			children = (
				A6DC2F482ACFAACA00CA85EB /* PlayStateProvider.swift */,
				A6B0131A2ACE860700A868A8 /* PlayerProvider.swift */,
			);
			path = Providers;
			sourceTree = "<group>";
		};
/* End PBXGroup section */

/* Begin PBXNativeTarget section */
		A606E4222ACCAB9700D5CC0D /* folder-ios */ = {
			isa = PBXNativeTarget;
			buildConfigurationList = A606E4482ACCAB9800D5CC0D /* Build configuration list for PBXNativeTarget "folder-ios" */;
			buildPhases = (
				A606E41F2ACCAB9700D5CC0D /* Sources */,
				A606E4202ACCAB9700D5CC0D /* Frameworks */,
				A606E4212ACCAB9700D5CC0D /* Resources */,
			);
			buildRules = (
			);
			dependencies = (
			);
			name = "folder-ios";
			packageProductDependencies = (
				A6B0131D2ACE97B800A868A8 /* pat.swift */,
				A60AC1642ACF3C5D00D2A68A /* Models */,
				A6836FC42ACF3D5D00910049 /* API */,
			);
			productName = "folder-ios";
			productReference = A606E4232ACCAB9700D5CC0D /* folder-ios.app */;
			productType = "com.apple.product-type.application";
		};
		A606E4332ACCAB9800D5CC0D /* folder-iosTests */ = {
			isa = PBXNativeTarget;
			buildConfigurationList = A606E44B2ACCAB9800D5CC0D /* Build configuration list for PBXNativeTarget "folder-iosTests" */;
			buildPhases = (
				A606E4302ACCAB9800D5CC0D /* Sources */,
				A606E4312ACCAB9800D5CC0D /* Frameworks */,
				A606E4322ACCAB9800D5CC0D /* Resources */,
			);
			buildRules = (
			);
			dependencies = (
				A606E4362ACCAB9800D5CC0D /* PBXTargetDependency */,
			);
			name = "folder-iosTests";
			productName = "folder-iosTests";
			productReference = A606E4342ACCAB9800D5CC0D /* folder-iosTests.xctest */;
			productType = "com.apple.product-type.bundle.unit-test";
		};
		A606E43D2ACCAB9800D5CC0D /* folder-iosUITests */ = {
			isa = PBXNativeTarget;
			buildConfigurationList = A606E44E2ACCAB9800D5CC0D /* Build configuration list for PBXNativeTarget "folder-iosUITests" */;
			buildPhases = (
				A606E43A2ACCAB9800D5CC0D /* Sources */,
				A606E43B2ACCAB9800D5CC0D /* Frameworks */,
				A606E43C2ACCAB9800D5CC0D /* Resources */,
			);
			buildRules = (
			);
			dependencies = (
				A606E4402ACCAB9800D5CC0D /* PBXTargetDependency */,
			);
			name = "folder-iosUITests";
			productName = "folder-iosUITests";
			productReference = A606E43E2ACCAB9800D5CC0D /* folder-iosUITests.xctest */;
			productType = "com.apple.product-type.bundle.ui-testing";
		};
/* End PBXNativeTarget section */

/* Begin PBXProject section */
		A606E41B2ACCAB9700D5CC0D /* Project object */ = {
			isa = PBXProject;
			attributes = {
				BuildIndependentTargetsInParallel = 1;
				LastSwiftUpdateCheck = 1500;
				LastUpgradeCheck = 1500;
				TargetAttributes = {
					A606E4222ACCAB9700D5CC0D = {
						CreatedOnToolsVersion = 15.0;
					};
					A606E4332ACCAB9800D5CC0D = {
						CreatedOnToolsVersion = 15.0;
						TestTargetID = A606E4222ACCAB9700D5CC0D;
					};
					A606E43D2ACCAB9800D5CC0D = {
						CreatedOnToolsVersion = 15.0;
						TestTargetID = A606E4222ACCAB9700D5CC0D;
					};
				};
			};
			buildConfigurationList = A606E41E2ACCAB9700D5CC0D /* Build configuration list for PBXProject "folder-ios" */;
			compatibilityVersion = "Xcode 14.0";
			developmentRegion = en;
			hasScannedForEncodings = 0;
			knownRegions = (
				en,
				Base,
			);
			mainGroup = A606E41A2ACCAB9700D5CC0D;
			packageReferences = (
				A6B0131C2ACE97B800A868A8 /* XCRemoteSwiftPackageReference "pat" */,
			);
			productRefGroup = A606E4242ACCAB9700D5CC0D /* Products */;
			projectDirPath = "";
			projectRoot = "";
			targets = (
				A606E4222ACCAB9700D5CC0D /* folder-ios */,
				A606E4332ACCAB9800D5CC0D /* folder-iosTests */,
				A606E43D2ACCAB9800D5CC0D /* folder-iosUITests */,
			);
		};
/* End PBXProject section */

/* Begin PBXResourcesBuildPhase section */
		A606E4212ACCAB9700D5CC0D /* Resources */ = {
			isa = PBXResourcesBuildPhase;
			buildActionMask = 2147483647;
			files = (
				A606E42F2ACCAB9800D5CC0D /* Preview Assets.xcassets in Resources */,
				A606E42B2ACCAB9800D5CC0D /* Assets.xcassets in Resources */,
			);
			runOnlyForDeploymentPostprocessing = 0;
		};
		A606E4322ACCAB9800D5CC0D /* Resources */ = {
			isa = PBXResourcesBuildPhase;
			buildActionMask = 2147483647;
			files = (
			);
			runOnlyForDeploymentPostprocessing = 0;
		};
		A606E43C2ACCAB9800D5CC0D /* Resources */ = {
			isa = PBXResourcesBuildPhase;
			buildActionMask = 2147483647;
			files = (
			);
			runOnlyForDeploymentPostprocessing = 0;
		};
/* End PBXResourcesBuildPhase section */

/* Begin PBXSourcesBuildPhase section */
		A606E41F2ACCAB9700D5CC0D /* Sources */ = {
			isa = PBXSourcesBuildPhase;
			buildActionMask = 2147483647;
			files = (
				A606E4292ACCAB9700D5CC0D /* ContentView.swift in Sources */,
				A6B013182ACE6F5A00A868A8 /* TrackListCellView.swift in Sources */,
				A606E4592ACCEAF500D5CC0D /* Track.swift in Sources */,
				A6DC2F472ACFA9D400CA85EB /* PlayerView.swift in Sources */,
				A606E4532ACCAE2700D5CC0D /* TimeInterval.swift in Sources */,
				A6B013162ACE6DA600A868A8 /* UIBezierPath.swift in Sources */,
				A606E4562ACCEADB00D5CC0D /* TrackListView.swift in Sources */,
				A606E4272ACCAB9700D5CC0D /* folder_iosApp.swift in Sources */,
				A6B013202ACEA01B00A868A8 /* Constants.swift in Sources */,
				A653EF3B2ACF1E6C00E3B05E /* TagStackView.swift in Sources */,
				A606E45B2ACCEB7300D5CC0D /* TrackShowView.swift in Sources */,
				A6B013122ACE6D8200A868A8 /* CGPath.swift in Sources */,
				A6B013142ACE6D9000A868A8 /* Path.swift in Sources */,
				A6DC2F492ACFAACA00CA85EB /* PlayStateProvider.swift in Sources */,
				A6B013102ACE6D6500A868A8 /* NeonView.swift in Sources */,
				A6B0131B2ACE860700A868A8 /* PlayerProvider.swift in Sources */,
			);
			runOnlyForDeploymentPostprocessing = 0;
		};
		A606E4302ACCAB9800D5CC0D /* Sources */ = {
			isa = PBXSourcesBuildPhase;
			buildActionMask = 2147483647;
			files = (
				A606E4392ACCAB9800D5CC0D /* folder_iosTests.swift in Sources */,
			);
			runOnlyForDeploymentPostprocessing = 0;
		};
		A606E43A2ACCAB9800D5CC0D /* Sources */ = {
			isa = PBXSourcesBuildPhase;
			buildActionMask = 2147483647;
			files = (
				A606E4452ACCAB9800D5CC0D /* folder_iosUITestsLaunchTests.swift in Sources */,
				A606E4432ACCAB9800D5CC0D /* folder_iosUITests.swift in Sources */,
			);
			runOnlyForDeploymentPostprocessing = 0;
		};
/* End PBXSourcesBuildPhase section */

/* Begin PBXTargetDependency section */
		A606E4362ACCAB9800D5CC0D /* PBXTargetDependency */ = {
			isa = PBXTargetDependency;
			target = A606E4222ACCAB9700D5CC0D /* folder-ios */;
			targetProxy = A606E4352ACCAB9800D5CC0D /* PBXContainerItemProxy */;
		};
		A606E4402ACCAB9800D5CC0D /* PBXTargetDependency */ = {
			isa = PBXTargetDependency;
			target = A606E4222ACCAB9700D5CC0D /* folder-ios */;
			targetProxy = A606E43F2ACCAB9800D5CC0D /* PBXContainerItemProxy */;
		};
/* End PBXTargetDependency section */

/* Begin XCBuildConfiguration section */
		A606E4462ACCAB9800D5CC0D /* Debug */ = {
			isa = XCBuildConfiguration;
			buildSettings = {
				ALWAYS_SEARCH_USER_PATHS = NO;
				ASSETCATALOG_COMPILER_GENERATE_SWIFT_ASSET_SYMBOL_EXTENSIONS = YES;
				CLANG_ANALYZER_NONNULL = YES;
				CLANG_ANALYZER_NUMBER_OBJECT_CONVERSION = YES_AGGRESSIVE;
				CLANG_CXX_LANGUAGE_STANDARD = "gnu++20";
				CLANG_ENABLE_MODULES = YES;
				CLANG_ENABLE_OBJC_ARC = YES;
				CLANG_ENABLE_OBJC_WEAK = YES;
				CLANG_WARN_BLOCK_CAPTURE_AUTORELEASING = YES;
				CLANG_WARN_BOOL_CONVERSION = YES;
				CLANG_WARN_COMMA = YES;
				CLANG_WARN_CONSTANT_CONVERSION = YES;
				CLANG_WARN_DEPRECATED_OBJC_IMPLEMENTATIONS = YES;
				CLANG_WARN_DIRECT_OBJC_ISA_USAGE = YES_ERROR;
				CLANG_WARN_DOCUMENTATION_COMMENTS = YES;
				CLANG_WARN_EMPTY_BODY = YES;
				CLANG_WARN_ENUM_CONVERSION = YES;
				CLANG_WARN_INFINITE_RECURSION = YES;
				CLANG_WARN_INT_CONVERSION = YES;
				CLANG_WARN_NON_LITERAL_NULL_CONVERSION = YES;
				CLANG_WARN_OBJC_IMPLICIT_RETAIN_SELF = YES;
				CLANG_WARN_OBJC_LITERAL_CONVERSION = YES;
				CLANG_WARN_OBJC_ROOT_CLASS = YES_ERROR;
				CLANG_WARN_QUOTED_INCLUDE_IN_FRAMEWORK_HEADER = YES;
				CLANG_WARN_RANGE_LOOP_ANALYSIS = YES;
				CLANG_WARN_STRICT_PROTOTYPES = YES;
				CLANG_WARN_SUSPICIOUS_MOVE = YES;
				CLANG_WARN_UNGUARDED_AVAILABILITY = YES_AGGRESSIVE;
				CLANG_WARN_UNREACHABLE_CODE = YES;
				CLANG_WARN__DUPLICATE_METHOD_MATCH = YES;
				COPY_PHASE_STRIP = NO;
				DEBUG_INFORMATION_FORMAT = dwarf;
				ENABLE_STRICT_OBJC_MSGSEND = YES;
				ENABLE_TESTABILITY = YES;
				ENABLE_USER_SCRIPT_SANDBOXING = YES;
				GCC_C_LANGUAGE_STANDARD = gnu17;
				GCC_DYNAMIC_NO_PIC = NO;
				GCC_NO_COMMON_BLOCKS = YES;
				GCC_OPTIMIZATION_LEVEL = 0;
				GCC_PREPROCESSOR_DEFINITIONS = (
					"DEBUG=1",
					"$(inherited)",
				);
				GCC_WARN_64_TO_32_BIT_CONVERSION = YES;
				GCC_WARN_ABOUT_RETURN_TYPE = YES_ERROR;
				GCC_WARN_UNDECLARED_SELECTOR = YES;
				GCC_WARN_UNINITIALIZED_AUTOS = YES_AGGRESSIVE;
				GCC_WARN_UNUSED_FUNCTION = YES;
				GCC_WARN_UNUSED_VARIABLE = YES;
				LOCALIZATION_PREFERS_STRING_CATALOGS = YES;
				MTL_ENABLE_DEBUG_INFO = INCLUDE_SOURCE;
				MTL_FAST_MATH = YES;
				ONLY_ACTIVE_ARCH = YES;
				SWIFT_ACTIVE_COMPILATION_CONDITIONS = "DEBUG $(inherited)";
				SWIFT_OPTIMIZATION_LEVEL = "-Onone";
			};
			name = Debug;
		};
		A606E4472ACCAB9800D5CC0D /* Release */ = {
			isa = XCBuildConfiguration;
			buildSettings = {
				ALWAYS_SEARCH_USER_PATHS = NO;
				ASSETCATALOG_COMPILER_GENERATE_SWIFT_ASSET_SYMBOL_EXTENSIONS = YES;
				CLANG_ANALYZER_NONNULL = YES;
				CLANG_ANALYZER_NUMBER_OBJECT_CONVERSION = YES_AGGRESSIVE;
				CLANG_CXX_LANGUAGE_STANDARD = "gnu++20";
				CLANG_ENABLE_MODULES = YES;
				CLANG_ENABLE_OBJC_ARC = YES;
				CLANG_ENABLE_OBJC_WEAK = YES;
				CLANG_WARN_BLOCK_CAPTURE_AUTORELEASING = YES;
				CLANG_WARN_BOOL_CONVERSION = YES;
				CLANG_WARN_COMMA = YES;
				CLANG_WARN_CONSTANT_CONVERSION = YES;
				CLANG_WARN_DEPRECATED_OBJC_IMPLEMENTATIONS = YES;
				CLANG_WARN_DIRECT_OBJC_ISA_USAGE = YES_ERROR;
				CLANG_WARN_DOCUMENTATION_COMMENTS = YES;
				CLANG_WARN_EMPTY_BODY = YES;
				CLANG_WARN_ENUM_CONVERSION = YES;
				CLANG_WARN_INFINITE_RECURSION = YES;
				CLANG_WARN_INT_CONVERSION = YES;
				CLANG_WARN_NON_LITERAL_NULL_CONVERSION = YES;
				CLANG_WARN_OBJC_IMPLICIT_RETAIN_SELF = YES;
				CLANG_WARN_OBJC_LITERAL_CONVERSION = YES;
				CLANG_WARN_OBJC_ROOT_CLASS = YES_ERROR;
				CLANG_WARN_QUOTED_INCLUDE_IN_FRAMEWORK_HEADER = YES;
				CLANG_WARN_RANGE_LOOP_ANALYSIS = YES;
				CLANG_WARN_STRICT_PROTOTYPES = YES;
				CLANG_WARN_SUSPICIOUS_MOVE = YES;
				CLANG_WARN_UNGUARDED_AVAILABILITY = YES_AGGRESSIVE;
				CLANG_WARN_UNREACHABLE_CODE = YES;
				CLANG_WARN__DUPLICATE_METHOD_MATCH = YES;
				COPY_PHASE_STRIP = NO;
				DEBUG_INFORMATION_FORMAT = "dwarf-with-dsym";
				ENABLE_NS_ASSERTIONS = NO;
				ENABLE_STRICT_OBJC_MSGSEND = YES;
				ENABLE_USER_SCRIPT_SANDBOXING = YES;
				GCC_C_LANGUAGE_STANDARD = gnu17;
				GCC_NO_COMMON_BLOCKS = YES;
				GCC_WARN_64_TO_32_BIT_CONVERSION = YES;
				GCC_WARN_ABOUT_RETURN_TYPE = YES_ERROR;
				GCC_WARN_UNDECLARED_SELECTOR = YES;
				GCC_WARN_UNINITIALIZED_AUTOS = YES_AGGRESSIVE;
				GCC_WARN_UNUSED_FUNCTION = YES;
				GCC_WARN_UNUSED_VARIABLE = YES;
				LOCALIZATION_PREFERS_STRING_CATALOGS = YES;
				MTL_ENABLE_DEBUG_INFO = NO;
				MTL_FAST_MATH = YES;
				SWIFT_COMPILATION_MODE = wholemodule;
			};
			name = Release;
		};
		A606E4492ACCAB9800D5CC0D /* Debug */ = {
			isa = XCBuildConfiguration;
			buildSettings = {
				ASSETCATALOG_COMPILER_APPICON_NAME = AppIcon;
				ASSETCATALOG_COMPILER_GLOBAL_ACCENT_COLOR_NAME = AccentColor;
				CODE_SIGN_ENTITLEMENTS = "folder-ios/folder_ios.entitlements";
				CODE_SIGN_STYLE = Automatic;
				CURRENT_PROJECT_VERSION = 1;
				DEVELOPMENT_ASSET_PATHS = "\"folder-ios/Preview Content\"";
				DEVELOPMENT_TEAM = Z773AM52SJ;
				ENABLE_HARDENED_RUNTIME = YES;
				ENABLE_PREVIEWS = YES;
				GENERATE_INFOPLIST_FILE = YES;
				INFOPLIST_FILE = "folder-ios/Info.plist";
				"INFOPLIST_KEY_UIApplicationSceneManifest_Generation[sdk=iphoneos*]" = YES;
				"INFOPLIST_KEY_UIApplicationSceneManifest_Generation[sdk=iphonesimulator*]" = YES;
				"INFOPLIST_KEY_UIApplicationSupportsIndirectInputEvents[sdk=iphoneos*]" = YES;
				"INFOPLIST_KEY_UIApplicationSupportsIndirectInputEvents[sdk=iphonesimulator*]" = YES;
				"INFOPLIST_KEY_UILaunchScreen_Generation[sdk=iphoneos*]" = YES;
				"INFOPLIST_KEY_UILaunchScreen_Generation[sdk=iphonesimulator*]" = YES;
				"INFOPLIST_KEY_UIStatusBarStyle[sdk=iphoneos*]" = UIStatusBarStyleDefault;
				"INFOPLIST_KEY_UIStatusBarStyle[sdk=iphonesimulator*]" = UIStatusBarStyleDefault;
				INFOPLIST_KEY_UISupportedInterfaceOrientations_iPad = "UIInterfaceOrientationPortrait UIInterfaceOrientationPortraitUpsideDown UIInterfaceOrientationLandscapeLeft UIInterfaceOrientationLandscapeRight";
				INFOPLIST_KEY_UISupportedInterfaceOrientations_iPhone = "UIInterfaceOrientationPortrait UIInterfaceOrientationLandscapeLeft UIInterfaceOrientationLandscapeRight";
				IPHONEOS_DEPLOYMENT_TARGET = 17.0;
				LD_RUNPATH_SEARCH_PATHS = "@executable_path/Frameworks";
				"LD_RUNPATH_SEARCH_PATHS[sdk=macosx*]" = "@executable_path/../Frameworks";
				MACOSX_DEPLOYMENT_TARGET = 13.5;
				MARKETING_VERSION = 1.0;
				PRODUCT_BUNDLE_IDENTIFIER = "fm.folder.folder-ios";
				PRODUCT_NAME = "$(TARGET_NAME)";
				SDKROOT = auto;
				SUPPORTED_PLATFORMS = "iphoneos iphonesimulator macosx";
				SWIFT_EMIT_LOC_STRINGS = YES;
				SWIFT_VERSION = 5.0;
				TARGETED_DEVICE_FAMILY = "1,2";
			};
			name = Debug;
		};
		A606E44A2ACCAB9800D5CC0D /* Release */ = {
			isa = XCBuildConfiguration;
			buildSettings = {
				ASSETCATALOG_COMPILER_APPICON_NAME = AppIcon;
				ASSETCATALOG_COMPILER_GLOBAL_ACCENT_COLOR_NAME = AccentColor;
				CODE_SIGN_ENTITLEMENTS = "folder-ios/folder_ios.entitlements";
				CODE_SIGN_STYLE = Automatic;
				CURRENT_PROJECT_VERSION = 1;
				DEVELOPMENT_ASSET_PATHS = "\"folder-ios/Preview Content\"";
				DEVELOPMENT_TEAM = Z773AM52SJ;
				ENABLE_HARDENED_RUNTIME = YES;
				ENABLE_PREVIEWS = YES;
				GENERATE_INFOPLIST_FILE = YES;
				INFOPLIST_FILE = "folder-ios/Info.plist";
				"INFOPLIST_KEY_UIApplicationSceneManifest_Generation[sdk=iphoneos*]" = YES;
				"INFOPLIST_KEY_UIApplicationSceneManifest_Generation[sdk=iphonesimulator*]" = YES;
				"INFOPLIST_KEY_UIApplicationSupportsIndirectInputEvents[sdk=iphoneos*]" = YES;
				"INFOPLIST_KEY_UIApplicationSupportsIndirectInputEvents[sdk=iphonesimulator*]" = YES;
				"INFOPLIST_KEY_UILaunchScreen_Generation[sdk=iphoneos*]" = YES;
				"INFOPLIST_KEY_UILaunchScreen_Generation[sdk=iphonesimulator*]" = YES;
				"INFOPLIST_KEY_UIStatusBarStyle[sdk=iphoneos*]" = UIStatusBarStyleDefault;
				"INFOPLIST_KEY_UIStatusBarStyle[sdk=iphonesimulator*]" = UIStatusBarStyleDefault;
				INFOPLIST_KEY_UISupportedInterfaceOrientations_iPad = "UIInterfaceOrientationPortrait UIInterfaceOrientationPortraitUpsideDown UIInterfaceOrientationLandscapeLeft UIInterfaceOrientationLandscapeRight";
				INFOPLIST_KEY_UISupportedInterfaceOrientations_iPhone = "UIInterfaceOrientationPortrait UIInterfaceOrientationLandscapeLeft UIInterfaceOrientationLandscapeRight";
				IPHONEOS_DEPLOYMENT_TARGET = 17.0;
				LD_RUNPATH_SEARCH_PATHS = "@executable_path/Frameworks";
				"LD_RUNPATH_SEARCH_PATHS[sdk=macosx*]" = "@executable_path/../Frameworks";
				MACOSX_DEPLOYMENT_TARGET = 13.5;
				MARKETING_VERSION = 1.0;
				PRODUCT_BUNDLE_IDENTIFIER = "fm.folder.folder-ios";
				PRODUCT_NAME = "$(TARGET_NAME)";
				SDKROOT = auto;
				SUPPORTED_PLATFORMS = "iphoneos iphonesimulator macosx";
				SWIFT_EMIT_LOC_STRINGS = YES;
				SWIFT_VERSION = 5.0;
				TARGETED_DEVICE_FAMILY = "1,2";
			};
			name = Release;
		};
		A606E44C2ACCAB9800D5CC0D /* Debug */ = {
			isa = XCBuildConfiguration;
			buildSettings = {
				ALWAYS_EMBED_SWIFT_STANDARD_LIBRARIES = YES;
				BUNDLE_LOADER = "$(TEST_HOST)";
				CODE_SIGN_STYLE = Automatic;
				CURRENT_PROJECT_VERSION = 1;
				DEVELOPMENT_TEAM = Z773AM52SJ;
				GENERATE_INFOPLIST_FILE = YES;
				IPHONEOS_DEPLOYMENT_TARGET = 17.0;
				MACOSX_DEPLOYMENT_TARGET = 13.5;
				MARKETING_VERSION = 1.0;
				PRODUCT_BUNDLE_IDENTIFIER = "fm.folder.folder-iosTests";
				PRODUCT_NAME = "$(TARGET_NAME)";
				SDKROOT = auto;
				SUPPORTED_PLATFORMS = "iphoneos iphonesimulator macosx";
				SWIFT_EMIT_LOC_STRINGS = NO;
				SWIFT_VERSION = 5.0;
				TARGETED_DEVICE_FAMILY = "1,2";
				TEST_HOST = "$(BUILT_PRODUCTS_DIR)/folder-ios.app/$(BUNDLE_EXECUTABLE_FOLDER_PATH)/folder-ios";
			};
			name = Debug;
		};
		A606E44D2ACCAB9800D5CC0D /* Release */ = {
			isa = XCBuildConfiguration;
			buildSettings = {
				ALWAYS_EMBED_SWIFT_STANDARD_LIBRARIES = YES;
				BUNDLE_LOADER = "$(TEST_HOST)";
				CODE_SIGN_STYLE = Automatic;
				CURRENT_PROJECT_VERSION = 1;
				DEVELOPMENT_TEAM = Z773AM52SJ;
				GENERATE_INFOPLIST_FILE = YES;
				IPHONEOS_DEPLOYMENT_TARGET = 17.0;
				MACOSX_DEPLOYMENT_TARGET = 13.5;
				MARKETING_VERSION = 1.0;
				PRODUCT_BUNDLE_IDENTIFIER = "fm.folder.folder-iosTests";
				PRODUCT_NAME = "$(TARGET_NAME)";
				SDKROOT = auto;
				SUPPORTED_PLATFORMS = "iphoneos iphonesimulator macosx";
				SWIFT_EMIT_LOC_STRINGS = NO;
				SWIFT_VERSION = 5.0;
				TARGETED_DEVICE_FAMILY = "1,2";
				TEST_HOST = "$(BUILT_PRODUCTS_DIR)/folder-ios.app/$(BUNDLE_EXECUTABLE_FOLDER_PATH)/folder-ios";
			};
			name = Release;
		};
		A606E44F2ACCAB9800D5CC0D /* Debug */ = {
			isa = XCBuildConfiguration;
			buildSettings = {
				ALWAYS_EMBED_SWIFT_STANDARD_LIBRARIES = YES;
				CODE_SIGN_STYLE = Automatic;
				CURRENT_PROJECT_VERSION = 1;
				DEVELOPMENT_TEAM = Z773AM52SJ;
				GENERATE_INFOPLIST_FILE = YES;
				IPHONEOS_DEPLOYMENT_TARGET = 17.0;
				MACOSX_DEPLOYMENT_TARGET = 13.5;
				MARKETING_VERSION = 1.0;
				PRODUCT_BUNDLE_IDENTIFIER = "fm.folder.folder-iosUITests";
				PRODUCT_NAME = "$(TARGET_NAME)";
				SDKROOT = auto;
				SUPPORTED_PLATFORMS = "iphoneos iphonesimulator macosx";
				SWIFT_EMIT_LOC_STRINGS = NO;
				SWIFT_VERSION = 5.0;
				TARGETED_DEVICE_FAMILY = "1,2";
				TEST_TARGET_NAME = "folder-ios";
			};
			name = Debug;
		};
		A606E4502ACCAB9800D5CC0D /* Release */ = {
			isa = XCBuildConfiguration;
			buildSettings = {
				ALWAYS_EMBED_SWIFT_STANDARD_LIBRARIES = YES;
				CODE_SIGN_STYLE = Automatic;
				CURRENT_PROJECT_VERSION = 1;
				DEVELOPMENT_TEAM = Z773AM52SJ;
				GENERATE_INFOPLIST_FILE = YES;
				IPHONEOS_DEPLOYMENT_TARGET = 17.0;
				MACOSX_DEPLOYMENT_TARGET = 13.5;
				MARKETING_VERSION = 1.0;
				PRODUCT_BUNDLE_IDENTIFIER = "fm.folder.folder-iosUITests";
				PRODUCT_NAME = "$(TARGET_NAME)";
				SDKROOT = auto;
				SUPPORTED_PLATFORMS = "iphoneos iphonesimulator macosx";
				SWIFT_EMIT_LOC_STRINGS = NO;
				SWIFT_VERSION = 5.0;
				TARGETED_DEVICE_FAMILY = "1,2";
				TEST_TARGET_NAME = "folder-ios";
			};
			name = Release;
		};
/* End XCBuildConfiguration section */

/* Begin XCConfigurationList section */
		A606E41E2ACCAB9700D5CC0D /* Build configuration list for PBXProject "folder-ios" */ = {
			isa = XCConfigurationList;
			buildConfigurations = (
				A606E4462ACCAB9800D5CC0D /* Debug */,
				A606E4472ACCAB9800D5CC0D /* Release */,
			);
			defaultConfigurationIsVisible = 0;
			defaultConfigurationName = Release;
		};
		A606E4482ACCAB9800D5CC0D /* Build configuration list for PBXNativeTarget "folder-ios" */ = {
			isa = XCConfigurationList;
			buildConfigurations = (
				A606E4492ACCAB9800D5CC0D /* Debug */,
				A606E44A2ACCAB9800D5CC0D /* Release */,
			);
			defaultConfigurationIsVisible = 0;
			defaultConfigurationName = Release;
		};
		A606E44B2ACCAB9800D5CC0D /* Build configuration list for PBXNativeTarget "folder-iosTests" */ = {
			isa = XCConfigurationList;
			buildConfigurations = (
				A606E44C2ACCAB9800D5CC0D /* Debug */,
				A606E44D2ACCAB9800D5CC0D /* Release */,
			);
			defaultConfigurationIsVisible = 0;
			defaultConfigurationName = Release;
		};
		A606E44E2ACCAB9800D5CC0D /* Build configuration list for PBXNativeTarget "folder-iosUITests" */ = {
			isa = XCConfigurationList;
			buildConfigurations = (
				A606E44F2ACCAB9800D5CC0D /* Debug */,
				A606E4502ACCAB9800D5CC0D /* Release */,
			);
			defaultConfigurationIsVisible = 0;
			defaultConfigurationName = Release;
		};
/* End XCConfigurationList section */

/* Begin XCRemoteSwiftPackageReference section */
		A6B0131C2ACE97B800A868A8 /* XCRemoteSwiftPackageReference "pat" */ = {
			isa = XCRemoteSwiftPackageReference;
			repositoryURL = "https://github.com/nakajima/pat.swift";
			requirement = {
				branch = main;
				kind = branch;
			};
		};
/* End XCRemoteSwiftPackageReference section */

/* Begin XCSwiftPackageProductDependency section */
		A60AC1642ACF3C5D00D2A68A /* Models */ = {
			isa = XCSwiftPackageProductDependency;
			productName = Models;
		};
		A6836FC42ACF3D5D00910049 /* API */ = {
			isa = XCSwiftPackageProductDependency;
			productName = API;
		};
		A6B0131D2ACE97B800A868A8 /* pat.swift */ = {
			isa = XCSwiftPackageProductDependency;
			package = A6B0131C2ACE97B800A868A8 /* XCRemoteSwiftPackageReference "pat" */;
			productName = pat.swift;
		};
/* End XCSwiftPackageProductDependency section */
	};
	rootObject = A606E41B2ACCAB9700D5CC0D /* Project object */;
}
